# This file is @generated by PDM.
# It is not intended for manual editing.

[metadata]
groups = ["default", "dev", "pytest"]
strategy = []
lock_version = "4.5.0"
content_hash = "sha256:bc437742bcc4f62cc81d10794e13dc56173ed14b8c72ccf417a5c4aa93bb3603"

[[metadata.targets]]
requires_python = ">=3.12"

[[package]]
name = "aider-install"
version = "0.1.3"
summary = ""
dependencies = [
    "uv",
]
files = [
    {file = "aider_install-0.1.3-py3-none-any.whl", hash = "sha256:798ce100ed1032c7679d520392c0042e8254bd942a9020759a17683ee66192a5"},
    {file = "aider_install-0.1.3.tar.gz", hash = "sha256:7981fd8e2a1ef3acb0383c75d3846e8095fbfcccb623b5e0d1091c983269d694"},
]

[[package]]
name = "black"
version = "25.1.0"
summary = ""
dependencies = [
    "click",
    "mypy-extensions",
    "packaging",
    "pathspec",
    "platformdirs",
]
files = [
    {file = "black-25.1.0-cp312-cp312-macosx_10_13_x86_64.whl", hash = "sha256:4b60580e829091e6f9238c848ea6750efed72140b91b048770b64e74fe04908b"},
    {file = "black-25.1.0-cp312-cp312-macosx_11_0_arm64.whl", hash = "sha256:1e2978f6df243b155ef5fa7e558a43037c3079093ed5d10fd84c43900f2d8ecc"},
    {file = "black-25.1.0-cp312-cp312-manylinux_2_17_x86_64.manylinux2014_x86_64.manylinux_2_28_x86_64.whl", hash = "sha256:3b48735872ec535027d979e8dcb20bf4f70b5ac75a8ea99f127c106a7d7aba9f"},
    {file = "black-25.1.0-cp312-cp312-win_amd64.whl", hash = "sha256:ea0213189960bda9cf99be5b8c8ce66bb054af5e9e861249cd23471bd7b0b3ba"},
    {file = "black-25.1.0-cp313-cp313-macosx_10_13_x86_64.whl", hash = "sha256:8f0b18a02996a836cc9c9c78e5babec10930862827b1b724ddfe98ccf2f2fe4f"},
    {file = "black-25.1.0-cp313-cp313-macosx_11_0_arm64.whl", hash = "sha256:afebb7098bfbc70037a053b91ae8437c3857482d3a690fefc03e9ff7aa9a5fd3"},
    {file = "black-25.1.0-cp313-cp313-manylinux_2_17_x86_64.manylinux2014_x86_64.manylinux_2_28_x86_64.whl", hash = "sha256:030b9759066a4ee5e5aca28c3c77f9c64789cdd4de8ac1df642c40b708be6171"},
    {file = "black-25.1.0-cp313-cp313-win_amd64.whl", hash = "sha256:a22f402b410566e2d1c950708c77ebf5ebd5d0d88a6a2e87c86d9fb48afa0d18"},
    {file = "black-25.1.0-py3-none-any.whl", hash = "sha256:95e8176dae143ba9097f351d174fdaf0ccd29efb414b362ae3fd72bf0f710717"},
    {file = "black-25.1.0.tar.gz", hash = "sha256:33496d5cd1222ad73391352b4ae8da15253c5de89b93a80b3e2c8d9a19ec2666"},
]

[[package]]
name = "click"
version = "8.1.8"
summary = ""
dependencies = [
    "colorama; sys_platform == \"win32\"",
]
files = [
    {file = "click-8.1.8-py3-none-any.whl", hash = "sha256:63c132bbbed01578a06712a2d1f497bb62d9c1c0d329b7903a866228027263b2"},
    {file = "click-8.1.8.tar.gz", hash = "sha256:ed53c9d8990d83c2a27deae68e4ee337473f6330c040a31d4225c9574d16096a"},
]

[[package]]
name = "colorama"
version = "0.4.6"
summary = ""
files = [
    {file = "colorama-0.4.6-py2.py3-none-any.whl", hash = "sha256:4f1d9991f5acc0ca119f9d443620b77f9d6b33703e51011c16baf57afb285fc6"},
    {file = "colorama-0.4.6.tar.gz", hash = "sha256:08695f5cb7ed6e0531a20572697297273c47b8cae5a63ffc6d6ed5c201be6e44"},
]

[[package]]
name = "iniconfig"
version = "2.0.0"
summary = ""
files = [
    {file = "iniconfig-2.0.0-py3-none-any.whl", hash = "sha256:b6a85871a79d2e3b22d2d1b94ac2824226a63c6b741c88f7ae975f18b6778374"},
    {file = "iniconfig-2.0.0.tar.gz", hash = "sha256:2d91e135bf72d31a410b17c16da610a82cb55f6b0477d1a902134b24a455b8b3"},
]

[[package]]
name = "mypy-extensions"
version = "1.0.0"
summary = ""
files = [
    {file = "mypy_extensions-1.0.0-py3-none-any.whl", hash = "sha256:4392f6c0eb8a5668a69e23d168ffa70f0be9ccfd32b5cc2d26a34ae5b844552d"},
    {file = "mypy_extensions-1.0.0.tar.gz", hash = "sha256:75dbf8955dc00442a438fc4d0666508a9a97b6bd41aa2f0ffe9d2f2725af0782"},
]

[[package]]
name = "packaging"
version = "24.2"
summary = ""
files = [
    {file = "packaging-24.2-py3-none-any.whl", hash = "sha256:09abb1bccd265c01f4a3aa3f7a7db064b36514d2cba19a2f694fe6150451a759"},
    {file = "packaging-24.2.tar.gz", hash = "sha256:c228a6dc5e932d346bc5739379109d49e8853dd8223571c7c5b55260edc0b97f"},
]

[[package]]
name = "pathspec"
version = "0.12.1"
summary = ""
files = [
    {file = "pathspec-0.12.1-py3-none-any.whl", hash = "sha256:a0d503e138a4c123b27490a4f7beda6a01c6f288df0e4a8b79c7eb0dc7b4cc08"},
    {file = "pathspec-0.12.1.tar.gz", hash = "sha256:a482d51503a1ab33b1c67a6c3813a26953dbdc71c31dacaef9a838c4e29f5712"},
]

[[package]]
name = "platformdirs"
version = "4.3.6"
summary = ""
files = [
    {file = "platformdirs-4.3.6-py3-none-any.whl", hash = "sha256:73e575e1408ab8103900836b97580d5307456908a03e92031bab39e4554cc3fb"},
    {file = "platformdirs-4.3.6.tar.gz", hash = "sha256:357fb2acbc885b0419afd3ce3ed34564c13c9b95c89360cd9563f73aa5e2b907"},
]

[[package]]
name = "pluggy"
version = "1.5.0"
summary = ""
files = [
    {file = "pluggy-1.5.0-py3-none-any.whl", hash = "sha256:44e1ad92c8ca002de6377e165f3e0f1be63266ab4d554740532335b9d75ea669"},
    {file = "pluggy-1.5.0.tar.gz", hash = "sha256:2cffa88e94fdc978c4c574f15f9e59b7f4201d439195c3715ca9e2486f1d0cf1"},
]

[[package]]
name = "pytest"
version = "8.3.5"
summary = ""
dependencies = [
    "colorama; sys_platform == \"win32\"",
    "iniconfig",
    "packaging",
    "pluggy",
]
files = [
    {file = "pytest-8.3.5-py3-none-any.whl", hash = "sha256:c69214aa47deac29fad6c2a4f590b9c4a9fdb16a403176fe154b79c0b4d4d820"},
    {file = "pytest-8.3.5.tar.gz", hash = "sha256:f4efe70cc14e511565ac476b57c279e12a855b11f48f212af1080ef2263d3845"},
]

[[package]]
name = "tree-sitter"
version = "0.24.0"
summary = ""
files = [
    {file = "tree-sitter-0.24.0.tar.gz", hash = "sha256:abd95af65ca2f4f7eca356343391ed669e764f37748b5352946f00f7fc78e734"},
    {file = "tree_sitter-0.24.0-cp312-cp312-macosx_10_13_x86_64.whl", hash = "sha256:14beeff5f11e223c37be7d5d119819880601a80d0399abe8c738ae2288804afc"},
    {file = "tree_sitter-0.24.0-cp312-cp312-macosx_11_0_arm64.whl", hash = "sha256:26a5b130f70d5925d67b47db314da209063664585a2fd36fa69e0717738efaf4"},
    {file = "tree_sitter-0.24.0-cp312-cp312-manylinux_2_17_aarch64.manylinux2014_aarch64.whl", hash = "sha256:5fc5c3c26d83c9d0ecb4fc4304fba35f034b7761d35286b936c1db1217558b4e"},
    {file = "tree_sitter-0.24.0-cp312-cp312-manylinux_2_17_x86_64.manylinux2014_x86_64.whl", hash = "sha256:772e1bd8c0931c866b848d0369b32218ac97c24b04790ec4b0e409901945dd8e"},
    {file = "tree_sitter-0.24.0-cp312-cp312-musllinux_1_2_x86_64.whl", hash = "sha256:24a8dd03b0d6b8812425f3b84d2f4763322684e38baf74e5bb766128b5633dc7"},
    {file = "tree_sitter-0.24.0-cp312-cp312-win_amd64.whl", hash = "sha256:f9e8b1605ab60ed43803100f067eed71b0b0e6c1fb9860a262727dbfbbb74751"},
    {file = "tree_sitter-0.24.0-cp312-cp312-win_arm64.whl", hash = "sha256:f733a83d8355fc95561582b66bbea92ffd365c5d7a665bc9ebd25e049c2b2abb"},
    {file = "tree_sitter-0.24.0-cp313-cp313-macosx_10_13_x86_64.whl", hash = "sha256:0d4a6416ed421c4210f0ca405a4834d5ccfbb8ad6692d4d74f7773ef68f92071"},
    {file = "tree_sitter-0.24.0-cp313-cp313-macosx_11_0_arm64.whl", hash = "sha256:e0992d483677e71d5c5d37f30dfb2e3afec2f932a9c53eec4fca13869b788c6c"},
    {file = "tree_sitter-0.24.0-cp313-cp313-manylinux_2_17_aarch64.manylinux2014_aarch64.whl", hash = "sha256:57277a12fbcefb1c8b206186068d456c600dbfbc3fd6c76968ee22614c5cd5ad"},
    {file = "tree_sitter-0.24.0-cp313-cp313-manylinux_2_17_x86_64.manylinux2014_x86_64.whl", hash = "sha256:d25fa22766d63f73716c6fec1a31ee5cf904aa429484256bd5fdf5259051ed74"},
    {file = "tree_sitter-0.24.0-cp313-cp313-musllinux_1_2_x86_64.whl", hash = "sha256:7d5d9537507e1c8c5fa9935b34f320bfec4114d675e028f3ad94f11cf9db37b9"},
    {file = "tree_sitter-0.24.0-cp313-cp313-win_amd64.whl", hash = "sha256:f58bb4956917715ec4d5a28681829a8dad5c342cafd4aea269f9132a83ca9b34"},
    {file = "tree_sitter-0.24.0-cp313-cp313-win_arm64.whl", hash = "sha256:23641bd25dcd4bb0b6fa91b8fb3f46cc9f1c9f475efe4d536d3f1f688d1b84c8"},
]

[[package]]
name = "uv"
version = "0.6.5"
summary = ""
files = [
    {file = "uv-0.6.5-py3-none-linux_armv6l.whl", hash = "sha256:c5676fc7cdd088e2c3342593c1d2dc379bf86a83301af7b0dfe8d45801a50d85"},
    {file = "uv-0.6.5-py3-none-macosx_10_12_x86_64.whl", hash = "sha256:6e82de1cb6a116f7736de9542430d78c210d152c80723db8beffc14e5b4e4b40"},
    {file = "uv-0.6.5-py3-none-macosx_11_0_arm64.whl", hash = "sha256:442639a874f6bb6864279f099c97739287d7e244bc25d0f791345cc69f46c940"},
    {file = "uv-0.6.5-py3-none-manylinux_2_17_aarch64.manylinux2014_aarch64.musllinux_1_1_aarch64.whl", hash = "sha256:b5445a509f500bbf18faba4e7cf5cc9763617c335d58afaa5f3e5a6e388dd4ee"},
    {file = "uv-0.6.5-py3-none-manylinux_2_17_armv7l.manylinux2014_armv7l.whl", hash = "sha256:c5683bccfc2b92cdc2f91e2904baa8ee2b5893b33ac8acac25e702ce7d3e5415"},
    {file = "uv-0.6.5-py3-none-manylinux_2_17_i686.manylinux2014_i686.whl", hash = "sha256:43847ef95d56c239de940339e5cfc2ade58249005e8ab97244fdb69fb9761572"},
    {file = "uv-0.6.5-py3-none-manylinux_2_17_ppc64.manylinux2014_ppc64.whl", hash = "sha256:ef0b2f810d87aa9bbad15c3ab113e555871f14c9cd8ad2205338fb0358aaf52d"},
    {file = "uv-0.6.5-py3-none-manylinux_2_17_ppc64le.manylinux2014_ppc64le.whl", hash = "sha256:9b56fa88951fab3bc7164255d844de9ad048e6a04a95f1c2774637e06889efe6"},
    {file = "uv-0.6.5-py3-none-manylinux_2_17_s390x.manylinux2014_s390x.whl", hash = "sha256:6f3b3f21b2385545f499f6cc21f44eac3bbb0f6cb98fbf9c6d3e58db186c8a41"},
    {file = "uv-0.6.5-py3-none-manylinux_2_17_x86_64.manylinux2014_x86_64.whl", hash = "sha256:15dae245979add192c4845947da1a9141f95c19403d1c0d75019182e6882e7d4"},
    {file = "uv-0.6.5-py3-none-manylinux_2_28_aarch64.whl", hash = "sha256:26a90e69d6438de2ec03ab452cc48d1cb375249c6b6980f4ed177f324a5ad8b3"},
    {file = "uv-0.6.5-py3-none-musllinux_1_1_armv7l.whl", hash = "sha256:776500595ff7cda1ffa5a76dd3ff9de3819f1e26c493938cbdc20c1ab766b2eb"},
    {file = "uv-0.6.5-py3-none-musllinux_1_1_i686.whl", hash = "sha256:6210fe6ef6a0ae3dc618611fcc8ada4e620fea5172fb8a9c50d3a59b6915b023"},
    {file = "uv-0.6.5-py3-none-musllinux_1_1_x86_64.whl", hash = "sha256:d47b4adffcdbe30bd678c7670e63c671b8b34a667898501e588f2e7cbce34656"},
    {file = "uv-0.6.5-py3-none-win32.whl", hash = "sha256:23aa8e8ca7795f54f6cf0f0fbd0aaf7b26bf4aae42f8c10643bcba6d42485a3f"},
    {file = "uv-0.6.5-py3-none-win_amd64.whl", hash = "sha256:5323e9219a519c6553111820a8c54588d426380404a208b23cf4c3265bc87ec6"},
    {file = "uv-0.6.5-py3-none-win_arm64.whl", hash = "sha256:a481254f63240023239ecec80cd690dec05875e248eb4b9d7f66957b017798b1"},
    {file = "uv-0.6.5.tar.gz", hash = "sha256:70ad4cc5f2b636edbeeebb3aee0a7daa66b17457038088be870ac7adc5a9842d"},
]
