# This file is @generated by PDM.
# It is not intended for manual editing.

[metadata]
groups = ["default"]
strategy = []
lock_version = "4.5.0"
content_hash = "sha256:059f4c77cf2c22766a770650fec93bbbd22d3154a8ad58a063db6f7f9692845e"

[[metadata.targets]]
requires_python = ">=3.12"

[[package]]
name = "anyio"
version = "4.9.0"
summary = ""
dependencies = [
    "idna",
    "sniffio",
    "typing-extensions; python_full_version < \"3.13\"",
]
files = [
    {file = "anyio-4.9.0-py3-none-any.whl", hash = "sha256:9f76d541cad6e36af7beb62e978876f3b41e3e04f2c1fbf0884604c0a9c4d93c"},
    {file = "anyio-4.9.0.tar.gz", hash = "sha256:673c0c244e15788651a4ff38710fea9675823028a6f08a5eda409e0c9840a028"},
]

[[package]]
name = "certifi"
version = "2025.1.31"
summary = ""
files = [
    {file = "certifi-2025.1.31-py3-none-any.whl", hash = "sha256:ca78db4565a652026a4db2bcdf68f2fb589ea80d0be70e03929ed730746b84fe"},
    {file = "certifi-2025.1.31.tar.gz", hash = "sha256:3d5da6925056f6f18f119200434a4780a94263f10d1c21d032a6f6b2baa20651"},
]

[[package]]
name = "h11"
version = "0.14.0"
summary = ""
files = [
    {file = "h11-0.14.0-py3-none-any.whl", hash = "sha256:e3fe4ac4b851c468cc8363d500db52c2ead036020723024a109d37346efaa761"},
    {file = "h11-0.14.0.tar.gz", hash = "sha256:8f19fbbe99e72420ff35c00b27a34cb9937e902a8b810e2c88300c6f0a3b699d"},
]

[[package]]
name = "httpcore"
version = "1.0.8"
summary = ""
dependencies = [
    "certifi",
    "h11",
]
files = [
    {file = "httpcore-1.0.8-py3-none-any.whl", hash = "sha256:5254cf149bcb5f75e9d1b2b9f729ea4a4b883d1ad7379fc632b727cec23674be"},
    {file = "httpcore-1.0.8.tar.gz", hash = "sha256:86e94505ed24ea06514883fd44d2bc02d90e77e7979c8eb71b90f41d364a1bad"},
]

[[package]]
name = "httpx"
version = "0.28.1"
summary = ""
dependencies = [
    "anyio",
    "certifi",
    "httpcore",
    "idna",
]
files = [
    {file = "httpx-0.28.1-py3-none-any.whl", hash = "sha256:d909fcccc110f8c7faf814ca82a9a4d816bc5a6dbfea25d6591d6985b8ba59ad"},
    {file = "httpx-0.28.1.tar.gz", hash = "sha256:75e98c5f16b0f35b567856f597f06ff2270a374470a5c2392242528e3e3e42fc"},
]

[[package]]
name = "idna"
version = "3.10"
summary = ""
files = [
    {file = "idna-3.10-py3-none-any.whl", hash = "sha256:946d195a0d259cbba61165e88e65941f16e9b36ea6ddb97f00452bae8b1287d3"},
    {file = "idna-3.10.tar.gz", hash = "sha256:12f65c9b470abda6dc35cf8e63cc574b1c52b11df2c86030af0ac09b01b13ea9"},
]

[[package]]
name = "linkify-it-py"
version = "2.0.3"
summary = ""
dependencies = [
    "uc-micro-py",
]
files = [
    {file = "linkify-it-py-2.0.3.tar.gz", hash = "sha256:68cda27e162e9215c17d786649d1da0021a451bdc436ef9e0fa0ba5234b9b048"},
    {file = "linkify_it_py-2.0.3-py3-none-any.whl", hash = "sha256:6bcbc417b0ac14323382aef5c5192c0075bf8a9d6b41820a2b66371eac6b6d79"},
]

[[package]]
name = "markdown-it-py"
version = "3.0.0"
summary = ""
dependencies = [
    "mdurl",
]
files = [
    {file = "markdown-it-py-3.0.0.tar.gz", hash = "sha256:e3f60a94fa066dc52ec76661e37c851cb232d92f9886b15cb560aaada2df8feb"},
    {file = "markdown_it_py-3.0.0-py3-none-any.whl", hash = "sha256:355216845c60bd96232cd8d8c40e8f9765cc86f46880e43a8fd22dc1a1a8cab1"},
]

[[package]]
name = "markdown-it-py"
version = "3.0.0"
extras = ["linkify"]
summary = ""
dependencies = [
    "linkify-it-py",
    "markdown-it-py==3.0.0",
]
files = [
    {file = "markdown-it-py-3.0.0.tar.gz", hash = "sha256:e3f60a94fa066dc52ec76661e37c851cb232d92f9886b15cb560aaada2df8feb"},
    {file = "markdown_it_py-3.0.0-py3-none-any.whl", hash = "sha256:355216845c60bd96232cd8d8c40e8f9765cc86f46880e43a8fd22dc1a1a8cab1"},
]

[[package]]
name = "markdown-it-py"
version = "3.0.0"
extras = ["plugins"]
summary = ""
dependencies = [
    "markdown-it-py==3.0.0",
    "mdit-py-plugins",
]
files = [
    {file = "markdown-it-py-3.0.0.tar.gz", hash = "sha256:e3f60a94fa066dc52ec76661e37c851cb232d92f9886b15cb560aaada2df8feb"},
    {file = "markdown_it_py-3.0.0-py3-none-any.whl", hash = "sha256:355216845c60bd96232cd8d8c40e8f9765cc86f46880e43a8fd22dc1a1a8cab1"},
]

[[package]]
name = "mdit-py-plugins"
version = "0.4.2"
summary = ""
dependencies = [
    "markdown-it-py",
]
files = [
    {file = "mdit_py_plugins-0.4.2-py3-none-any.whl", hash = "sha256:0c673c3f889399a33b95e88d2f0d111b4447bdfea7f237dab2d488f459835636"},
    {file = "mdit_py_plugins-0.4.2.tar.gz", hash = "sha256:5f2cd1fdb606ddf152d37ec30e46101a60512bc0e5fa1a7002c36647b09e26b5"},
]

[[package]]
name = "mdurl"
version = "0.1.2"
summary = ""
files = [
    {file = "mdurl-0.1.2-py3-none-any.whl", hash = "sha256:84008a41e51615a49fc9966191ff91509e3c40b939176e643fd50a5c2196b8f8"},
    {file = "mdurl-0.1.2.tar.gz", hash = "sha256:bb413d29f5eea38f31dd4754dd7377d4465116fb207585f97bf925588687c1ba"},
]

[[package]]
name = "platformdirs"
version = "4.3.7"
summary = ""
files = [
    {file = "platformdirs-4.3.7-py3-none-any.whl", hash = "sha256:a03875334331946f13c549dbd8f4bac7a13a50a895a0eb1e8c6a8ace80d40a94"},
    {file = "platformdirs-4.3.7.tar.gz", hash = "sha256:eb437d586b6a0986388f0d6f74aa0cde27b48d0e3d66843640bfb6bdcdb6e351"},
]

[[package]]
name = "pygments"
version = "2.19.1"
summary = ""
files = [
    {file = "pygments-2.19.1-py3-none-any.whl", hash = "sha256:9ea1544ad55cecf4b8242fab6dd35a93bbce657034b0611ee383099054ab6d8c"},
    {file = "pygments-2.19.1.tar.gz", hash = "sha256:61c16d2a8576dc0649d9f39e089b5f02bcd27fba10d8fb4dcc28173f7a45151f"},
]

[[package]]
name = "rich"
version = "14.0.0"
summary = ""
dependencies = [
    "markdown-it-py",
    "pygments",
]
files = [
    {file = "rich-14.0.0-py3-none-any.whl", hash = "sha256:1c9491e1951aac09caffd42f448ee3d04e58923ffe14993f6e83068dc395d7e0"},
    {file = "rich-14.0.0.tar.gz", hash = "sha256:82f1bc23a6a21ebca4ae0c45af9bdbc492ed20231dcb63f297d6d1021a9d5725"},
]

[[package]]
name = "sniffio"
version = "1.3.1"
summary = ""
files = [
    {file = "sniffio-1.3.1-py3-none-any.whl", hash = "sha256:2f6da418d1f1e0fddd844478f41680e794e6051915791a034ff65e5f100525a2"},
    {file = "sniffio-1.3.1.tar.gz", hash = "sha256:f4324edc670a0f49750a81b895f35c3adb843cca46f0530f79fc1babb23789dc"},
]

[[package]]
name = "textual"
version = "3.1.0"
summary = ""
dependencies = [
    "markdown-it-py",
    "platformdirs",
    "rich",
    "typing-extensions",
]
files = [
    {file = "textual-3.1.0-py3-none-any.whl", hash = "sha256:940a765b6fcd562cd88603780343dc98a4e66c1d8d42f09b6a16a474a89aca0c"},
    {file = "textual-3.1.0.tar.gz", hash = "sha256:6bcab6581e9753d2a2043caf49f43c5818feb35f8049ed185bd38982bfb310ca"},
]

[[package]]
name = "typing-extensions"
version = "4.13.2"
summary = ""
files = [
    {file = "typing_extensions-4.13.2-py3-none-any.whl", hash = "sha256:a439e7c04b49fec3e5d3e2beaa21755cadbbdc391694e28ccdd36ca4a1408f8c"},
    {file = "typing_extensions-4.13.2.tar.gz", hash = "sha256:e6c81219bd689f51865d9e372991c540bda33a0379d5573cddb9a3a23f7caaef"},
]

[[package]]
name = "uc-micro-py"
version = "1.0.3"
summary = ""
files = [
    {file = "uc-micro-py-1.0.3.tar.gz", hash = "sha256:d321b92cff673ec58027c04015fcaa8bb1e005478643ff4a500882eaab88c48a"},
    {file = "uc_micro_py-1.0.3-py3-none-any.whl", hash = "sha256:db1dffff340817673d7b466ec86114a9dc0e9d4d9b5ba229d9d60e5c12600cd5"},
]
